
Microsoft Visual Studio Solution File, Format Version 12.00
# Visual Studio Version 17
VisualStudioVersion = 17.9.34728.123
MinimumVisualStudioVersion = 10.0.40219.1
Project("{FAE04EC0-301F-11D3-BF4B-00C04F79EFBC}") = "BookOfHabits", "BookOfHabits\BookOfHabits.csproj", "{7DF69D16-DDAE-4202-B1D6-02005CA3AB34}"
EndProject
Global
	GlobalSection(SolutionConfigurationPlatforms) = preSolution
		Debug|Any CPU = Debug|Any CPU
		Release|Any CPU = Release|Any CPU
	EndGlobalSection
	GlobalSection(ProjectConfigurationPlatforms) = postSolution
		{7DF69D16-DDAE-4202-B1D6-02005CA3AB34}.Debug|Any CPU.ActiveCfg = Debug|Any CPU
		{7DF69D16-DDAE-4202-B1D6-02005CA3AB34}.Debug|Any CPU.Build.0 = Debug|Any CPU
		{7DF69D16-DDAE-4202-B1D6-02005CA3AB34}.Release|Any CPU.ActiveCfg = Release|Any CPU
		{7DF69D16-DDAE-4202-B1D6-02005CA3AB34}.Release|Any CPU.Build.0 = Release|Any CPU
	EndGlobalSection
	GlobalSection(SolutionProperties) = preSolution
		HideSolutionNode = FALSE
	EndGlobalSection
	GlobalSection(ExtensibilityGlobals) = postSolution
		SolutionGuid = {F402C2E4-96AD-407D-ABDD-5E440AD5BF3C}
	EndGlobalSection
EndGlobal
